
Microsoft Visual Studio Solution File, Format Version 11.00
# Visual Studio 2010
Project("{FAE04EC0-301F-11D3-BF4B-00C04F79EFBC}") = "Assembly-CSharp", "Assembly-CSharp.csproj", "{d0b27fd3-252d-e679-05b5-c0564ad279d2}"
EndProject
Project("{FAE04EC0-301F-11D3-BF4B-00C04F79EFBC}") = "Assembly-CSharp-Editor", "Assembly-CSharp-Editor.csproj", "{fc4e7fcf-e45e-a26b-9ea6-f1a16dabda82}"
EndProject
Project("{FAE04EC0-301F-11D3-BF4B-00C04F79EFBC}") = "Assembly-CSharp-firstpass", "Assembly-CSharp-firstpass.csproj", "{7b9433f4-a31d-c0b5-6309-9528aaa7c5bb}"
EndProject
Global
	GlobalSection(SolutionConfigurationPlatforms) = preSolution
		Debug|Any CPU = Debug|Any CPU
	EndGlobalSection
	GlobalSection(ProjectConfigurationPlatforms) = postSolution
		{d0b27fd3-252d-e679-05b5-c0564ad279d2}.Debug|Any CPU.ActiveCfg = Debug|Any CPU
		{d0b27fd3-252d-e679-05b5-c0564ad279d2}.Debug|Any CPU.Build.0 = Debug|Any CPU
		{fc4e7fcf-e45e-a26b-9ea6-f1a16dabda82}.Debug|Any CPU.ActiveCfg = Debug|Any CPU
		{fc4e7fcf-e45e-a26b-9ea6-f1a16dabda82}.Debug|Any CPU.Build.0 = Debug|Any CPU
		{7b9433f4-a31d-c0b5-6309-9528aaa7c5bb}.Debug|Any CPU.ActiveCfg = Debug|Any CPU
		{7b9433f4-a31d-c0b5-6309-9528aaa7c5bb}.Debug|Any CPU.Build.0 = Debug|Any CPU
	EndGlobalSection
	GlobalSection(SolutionProperties) = preSolution
		HideSolutionNode = FALSE
	EndGlobalSection
EndGlobal
